
Microsoft Visual Studio Solution File, Format Version 12.00
# Visual Studio Version 16
VisualStudioVersion = 16.0.31321.278
MinimumVisualStudioVersion = 10.0.40219.1
Project("{FAE04EC0-301F-11D3-BF4B-00C04F79EFBC}") = "ApiRadio", "ApiRadio\ApiRadio.csproj", "{95FFD2C2-9A2D-40E0-AB4B-F274C3EA9DD4}"
EndProject
Project("{FAE04EC0-301F-11D3-BF4B-00C04F79EFBC}") = "RadioClasses", "RadioClasses\RadioClasses.csproj", "{6B78E81B-45EF-43BA-BE29-4BAC8911E8B2}"
EndProject
Global
	GlobalSection(SolutionConfigurationPlatforms) = preSolution
		Debug|Any CPU = Debug|Any CPU
		Release|Any CPU = Release|Any CPU
	EndGlobalSection
	GlobalSection(ProjectConfigurationPlatforms) = postSolution
		{95FFD2C2-9A2D-40E0-AB4B-F274C3EA9DD4}.Debug|Any CPU.ActiveCfg = Debug|Any CPU
		{95FFD2C2-9A2D-40E0-AB4B-F274C3EA9DD4}.Debug|Any CPU.Build.0 = Debug|Any CPU
		{95FFD2C2-9A2D-40E0-AB4B-F274C3EA9DD4}.Release|Any CPU.ActiveCfg = Release|Any CPU
		{95FFD2C2-9A2D-40E0-AB4B-F274C3EA9DD4}.Release|Any CPU.Build.0 = Release|Any CPU
		{6B78E81B-45EF-43BA-BE29-4BAC8911E8B2}.Debug|Any CPU.ActiveCfg = Debug|Any CPU
		{6B78E81B-45EF-43BA-BE29-4BAC8911E8B2}.Debug|Any CPU.Build.0 = Debug|Any CPU
		{6B78E81B-45EF-43BA-BE29-4BAC8911E8B2}.Release|Any CPU.ActiveCfg = Release|Any CPU
		{6B78E81B-45EF-43BA-BE29-4BAC8911E8B2}.Release|Any CPU.Build.0 = Release|Any CPU
	EndGlobalSection
	GlobalSection(SolutionProperties) = preSolution
		HideSolutionNode = FALSE
	EndGlobalSection
	GlobalSection(ExtensibilityGlobals) = postSolution
		SolutionGuid = {57E67D1C-0AD3-410D-850D-A150B86F84B3}
	EndGlobalSection
EndGlobal
